PODS:
  - NJKWebViewProgress (0.3.1):
    - NJKWebViewProgress/Core (= 0.3.1)
    - NJKWebViewProgress/ProgressView (= 0.3.1)
  - NJKWebViewProgress/Core (0.3.1)
  - NJKWebViewProgress/ProgressView (0.3.1)

DEPENDENCIES:
  - NJKWebViewProgress (from `https://github.com/rafaelmaeuer/NJKWebViewProgress.git`)

EXTERNAL SOURCES:
  NJKWebViewProgress:
    :git: https://github.com/rafaelmaeuer/NJKWebViewProgress.git

CHECKOUT OPTIONS:
  NJKWebViewProgress:
    :commit: e4ce40fb698483091e2fc6d29f183547b63ce624
    :git: https://github.com/rafaelmaeuer/NJKWebViewProgress.git

SPEC CHECKSUMS:
  NJKWebViewProgress: c8702b539d2a3f76284a04f94cd89e858c2a7c23

PODFILE CHECKSUM: 8747eeedc29243d1a56846992fe094e171da25aa

COCOAPODS: 1.9.1
