PODS:
  - NJKWebViewProgress (0.3.2):
    - NJKWebViewProgress/Core (= 0.3.2)
    - NJKWebViewProgress/ProgressView (= 0.3.2)
  - NJKWebViewProgress/Core (0.3.2)
  - NJKWebViewProgress/ProgressView (0.3.2)

DEPENDENCIES:
  - NJKWebViewProgress (from `https://github.com/rafaelmaeuer/NJKWebViewProgress.git`)

EXTERNAL SOURCES:
  NJKWebViewProgress:
    :git: https://github.com/rafaelmaeuer/NJKWebViewProgress.git

CHECKOUT OPTIONS:
  NJKWebViewProgress:
    :commit: afb4bd1370419f9ef1872f71686584f9fc2ef186
    :git: https://github.com/rafaelmaeuer/NJKWebViewProgress.git

SPEC CHECKSUMS:
  NJKWebViewProgress: efa45df1686650f719ef5f24b77a9b09c26f165c

PODFILE CHECKSUM: 9e003a4dabffd6173227a74e55e6584f357ebfac

COCOAPODS: 1.9.1
