PODS:
  - NJKWebViewProgress (0.3.0):
    - NJKWebViewProgress/Core (= 0.3.0)
    - NJKWebViewProgress/ProgressView (= 0.3.0)
  - NJKWebViewProgress/Core (0.3.0)
  - NJKWebViewProgress/ProgressView (0.3.0)

DEPENDENCIES:
  - NJKWebViewProgress (from `https://github.com/rafaelmaeuer/NJKWebViewProgress.git`)

EXTERNAL SOURCES:
  NJKWebViewProgress:
    :git: https://github.com/rafaelmaeuer/NJKWebViewProgress.git

CHECKOUT OPTIONS:
  NJKWebViewProgress:
    :commit: 3c458a871c0871c16252a5cb5e5c2d33ece71587
    :git: https://github.com/rafaelmaeuer/NJKWebViewProgress.git

SPEC CHECKSUMS:
  NJKWebViewProgress: cbf5d01b53553894ad2364e9d09ba8d31c42aae3

PODFILE CHECKSUM: ab14f83252e1551110db93a4d3db6092b9cf45e3

COCOAPODS: 1.9.1
